
Microsoft Visual Studio Solution File, Format Version 12.00
# Visual Studio Version 17
VisualStudioVersion = 17.14.36705.20
MinimumVisualStudioVersion = 10.0.40219.1
Project("{FAE04EC0-301F-11D3-BF4B-00C04F79EFBC}") = "PayBridge.Domain", "PayBridge.Domain\PayBridge.Domain.csproj", "{9DAAF0F1-54A9-48A9-82D2-580CE9F4F14F}"
EndProject
Project("{FAE04EC0-301F-11D3-BF4B-00C04F79EFBC}") = "PayBridge.Application", "PayBridge.Application\PayBridge.Application.csproj", "{96DC30CC-9D52-4808-8668-F8D6D67D0890}"
EndProject
Project("{FAE04EC0-301F-11D3-BF4B-00C04F79EFBC}") = "PayBridge.Infrastructure", "PayBridge.Infrastructure\PayBridge.Infrastructure.csproj", "{423F49B6-1DF3-428C-9428-ADD5721FFD4B}"
EndProject
Project("{FAE04EC0-301F-11D3-BF4B-00C04F79EFBC}") = "PayBridge.API", "PayBridge.API\PayBridge.API.csproj", "{7AA61A26-F2F8-4FC1-9BFD-EC5508D2773A}"
EndProject
Project("{FAE04EC0-301F-11D3-BF4B-00C04F79EFBC}") = "PayBridge.Tests", "PayBridge.Tests\PayBridge.Tests.csproj", "{D4D41DF3-2446-4974-BF4F-6338DA1D307D}"
EndProject
Global
	GlobalSection(SolutionConfigurationPlatforms) = preSolution
		Debug|Any CPU = Debug|Any CPU
		Release|Any CPU = Release|Any CPU
	EndGlobalSection
	GlobalSection(ProjectConfigurationPlatforms) = postSolution
		{9DAAF0F1-54A9-48A9-82D2-580CE9F4F14F}.Debug|Any CPU.ActiveCfg = Debug|Any CPU
		{9DAAF0F1-54A9-48A9-82D2-580CE9F4F14F}.Debug|Any CPU.Build.0 = Debug|Any CPU
		{9DAAF0F1-54A9-48A9-82D2-580CE9F4F14F}.Release|Any CPU.ActiveCfg = Release|Any CPU
		{9DAAF0F1-54A9-48A9-82D2-580CE9F4F14F}.Release|Any CPU.Build.0 = Release|Any CPU
		{96DC30CC-9D52-4808-8668-F8D6D67D0890}.Debug|Any CPU.ActiveCfg = Debug|Any CPU
		{96DC30CC-9D52-4808-8668-F8D6D67D0890}.Debug|Any CPU.Build.0 = Debug|Any CPU
		{96DC30CC-9D52-4808-8668-F8D6D67D0890}.Release|Any CPU.ActiveCfg = Release|Any CPU
		{96DC30CC-9D52-4808-8668-F8D6D67D0890}.Release|Any CPU.Build.0 = Release|Any CPU
		{423F49B6-1DF3-428C-9428-ADD5721FFD4B}.Debug|Any CPU.ActiveCfg = Debug|Any CPU
		{423F49B6-1DF3-428C-9428-ADD5721FFD4B}.Debug|Any CPU.Build.0 = Debug|Any CPU
		{423F49B6-1DF3-428C-9428-ADD5721FFD4B}.Release|Any CPU.ActiveCfg = Release|Any CPU
		{423F49B6-1DF3-428C-9428-ADD5721FFD4B}.Release|Any CPU.Build.0 = Release|Any CPU
		{7AA61A26-F2F8-4FC1-9BFD-EC5508D2773A}.Debug|Any CPU.ActiveCfg = Debug|Any CPU
		{7AA61A26-F2F8-4FC1-9BFD-EC5508D2773A}.Debug|Any CPU.Build.0 = Debug|Any CPU
		{7AA61A26-F2F8-4FC1-9BFD-EC5508D2773A}.Release|Any CPU.ActiveCfg = Release|Any CPU
		{7AA61A26-F2F8-4FC1-9BFD-EC5508D2773A}.Release|Any CPU.Build.0 = Release|Any CPU
		{D4D41DF3-2446-4974-BF4F-6338DA1D307D}.Debug|Any CPU.ActiveCfg = Debug|Any CPU
		{D4D41DF3-2446-4974-BF4F-6338DA1D307D}.Debug|Any CPU.Build.0 = Debug|Any CPU
		{D4D41DF3-2446-4974-BF4F-6338DA1D307D}.Release|Any CPU.ActiveCfg = Release|Any CPU
		{D4D41DF3-2446-4974-BF4F-6338DA1D307D}.Release|Any CPU.Build.0 = Release|Any CPU
	EndGlobalSection
	GlobalSection(SolutionProperties) = preSolution
		HideSolutionNode = FALSE
	EndGlobalSection
	GlobalSection(ExtensibilityGlobals) = postSolution
		SolutionGuid = {83E76128-8C05-4650-AB92-00247BA13070}
	EndGlobalSection
EndGlobal
